
Microsoft Visual Studio Solution File, Format Version 12.00
# Visual Studio 15
VisualStudioVersion = 15.0.28307.489
MinimumVisualStudioVersion = 10.0.40219.1
Project("{9A19103F-16F7-4668-BE54-9A1E7A4F7556}") = "MaxFlowV1", "src\MaxFlowV1\MaxFlowV1.csproj", "{F0E581C4-AC70-48E6-8AB9-58CB68E5951B}"
EndProject
Project("{9A19103F-16F7-4668-BE54-9A1E7A4F7556}") = "DatabaseSearch", "src\DatabaseSearch\DatabaseSearch.csproj", "{05D6431C-17D9-4F97-B5A1-BCA24DA00387}"
EndProject
Project("{FAE04EC0-301F-11D3-BF4B-00C04F79EFBC}") = "DatabaseSearchV2", "DatabaseSearchV2\DatabaseSearchV2.csproj", "{9DECA04A-F0F8-4D04-A504-3040F7DCCC2D}"
EndProject
Global
	GlobalSection(SolutionConfigurationPlatforms) = preSolution
		Debug|Any CPU = Debug|Any CPU
		Release|Any CPU = Release|Any CPU
	EndGlobalSection
	GlobalSection(ProjectConfigurationPlatforms) = postSolution
		{F0E581C4-AC70-48E6-8AB9-58CB68E5951B}.Debug|Any CPU.ActiveCfg = Debug|Any CPU
		{F0E581C4-AC70-48E6-8AB9-58CB68E5951B}.Debug|Any CPU.Build.0 = Debug|Any CPU
		{F0E581C4-AC70-48E6-8AB9-58CB68E5951B}.Release|Any CPU.ActiveCfg = Release|Any CPU
		{F0E581C4-AC70-48E6-8AB9-58CB68E5951B}.Release|Any CPU.Build.0 = Release|Any CPU
		{05D6431C-17D9-4F97-B5A1-BCA24DA00387}.Debug|Any CPU.ActiveCfg = Debug|Any CPU
		{05D6431C-17D9-4F97-B5A1-BCA24DA00387}.Debug|Any CPU.Build.0 = Debug|Any CPU
		{05D6431C-17D9-4F97-B5A1-BCA24DA00387}.Release|Any CPU.ActiveCfg = Release|Any CPU
		{05D6431C-17D9-4F97-B5A1-BCA24DA00387}.Release|Any CPU.Build.0 = Release|Any CPU
		{9DECA04A-F0F8-4D04-A504-3040F7DCCC2D}.Debug|Any CPU.ActiveCfg = Debug|Any CPU
		{9DECA04A-F0F8-4D04-A504-3040F7DCCC2D}.Debug|Any CPU.Build.0 = Debug|Any CPU
		{9DECA04A-F0F8-4D04-A504-3040F7DCCC2D}.Release|Any CPU.ActiveCfg = Release|Any CPU
		{9DECA04A-F0F8-4D04-A504-3040F7DCCC2D}.Release|Any CPU.Build.0 = Release|Any CPU
	EndGlobalSection
	GlobalSection(SolutionProperties) = preSolution
		HideSolutionNode = FALSE
	EndGlobalSection
	GlobalSection(ExtensibilityGlobals) = postSolution
		SolutionGuid = {D45E42B5-05B1-422C-B6B3-EA0E0DC67402}
	EndGlobalSection
EndGlobal
